{
    "_meta": {
        "hash": {
            "sha256": "8ac6c037cded962547986dffddb5d7e3e1ff656798450693e1d3b2f237b5b29f"
        },
        "pipfile-spec": 6,
        "requires": {
            "python_version": "3.10"
        },
        "sources": [
            {
                "name": "pypi",
                "url": "https://pypi.org/simple",
                "verify_ssl": true
            }
        ]
    },
    "default": {
        "attrs": {
            "hashes": [
                "sha256:29e95c7f6778868dbd49170f98f8818f78f3dc5e0e37c0b1f474e3561b240836",
                "sha256:c9227bfc2f01993c03f68db37d1d15c9690188323c067c641f1a35ca58185f99"
            ],
            "markers": "python_version >= '3.6'",
            "version": "==22.2.0"
        },
        "colorama": {
            "hashes": [
                "sha256:08695f5cb7ed6e0531a20572697297273c47b8cae5a63ffc6d6ed5c201be6e44",
                "sha256:4f1d9991f5acc0ca119f9d443620b77f9d6b33703e51011c16baf57afb285fc6"
            ],
            "markers": "python_version >= '2.7' and python_version not in '3.0, 3.1, 3.2, 3.3, 3.4, 3.5, 3.6'",
            "version": "==0.4.6"
        },
        "docopt": {
            "hashes": [
                "sha256:49b3a825280bd66b3aa83585ef59c4a8c82f2c8a522dbe754a8bc8d08c85c491"
            ],
            "version": "==0.6.2"
        },
        "duckdb": {
            "hashes": [
                "sha256:00b7be8f67ec1a8edaa8844f521267baa1a795f4c482bfad56c72c26e1862ab2",
                "sha256:06c1cef25f896b2284ba048108f645c72fab5c54aa5a6f62f95663f44ff8a79b",
                "sha256:0925778200090d3d5d8b6bb42b4d05d24db1e8912484ba3b7e7b7f8569f17dcb",
                "sha256:0a6bf2ae7bec803352dade14561cb0b461b2422e70f75d9f09b36ba2dad2613b",
                "sha256:0b64eb53d0d0695814bf1b65c0f91ab7ed66b515f89c88038f65ad5e0762571c",
                "sha256:0c7155cb93ab432eca44b651256c359281d26d927ff43badaf1d2276dd770832",
                "sha256:125ba45e8b08f28858f918ec9cbd3a19975e5d8d9e8275ef4ad924028a616e14",
                "sha256:143611bd1b7c13343f087d4d423a7a8a4f33a114c5326171e867febf3f0fcfe1",
                "sha256:16fa96ffaa3d842a9355a633fb8bc092d119be08d4bc02013946d8594417bc14",
                "sha256:21cc503dffc2c68bb825e4eb3098e82f40e910b3d09e1b3b7f090d39ad53fbea",
                "sha256:35b01bc724e1933293f4c34f410d2833bfbb56d5743b515d805bbfed0651476e",
                "sha256:3941b3a1e8a1cdb7b90ab3917b87af816e71f9692e5ada7f19b6b60969f731e5",
                "sha256:4b280b2d8a01ecd4fe2feab041df70233c534fafbe33a38565b52c1e017529c7",
                "sha256:5054792f22733f89d9cbbced2bafd8772d72d0fe77f159310221cefcf981c680",
                "sha256:546a1cd17595bd1dd009daf6f36705aa6f95337154360ce44932157d353dcd80",
                "sha256:54b3da77ad893e99c073087ff7f75a8c98154ac5139d317149f12b74367211db",
                "sha256:5c54910fbb6de0f21d562e18a5c91540c19876db61b862fc9ffc8e31be8b3f03",
                "sha256:6d26e9f1afcb924a6057785e506810d48332d4764ddc4a5b414d0f2bf0cacfb4",
                "sha256:7363ffe857d00216b659116647fbf1e925cb3895699015d4a4e50b746de13041",
                "sha256:73c974b09dd08dff5e8bdedba11c7d0aa0fc46ca93954ee7d19e1e18c9883ac1",
                "sha256:82cd30f5cf368658ef879b1c60276bc8650cf67cfe3dc3e3009438ba39251333",
                "sha256:8442e074de6e1969c3d2b24363a5a6d7f866d5ac3f4e358e357495b389eff6c1",
                "sha256:87b0d00eb9d1a7ebe437276203e0cdc93b4a2154ba9688c65e8d2a8735839ec6",
                "sha256:8b544dd04bb851d08bc68b317a7683cec6091547ae75555d075f8c8a7edb626e",
                "sha256:93b074f473d68c944b0eeb2edcafd91ad11da8432b484836efaaab4e26351d48",
                "sha256:998165b2fb1f1d2b0ad742096015ea70878f7d40304643c7424c3ed3ddf07bfc",
                "sha256:99a7172563a3ae67d867572ce27cf3962f58e76f491cb7f602f08c2af39213b3",
                "sha256:a782bbfb7f5e97d4a9c834c9e78f023fb8b3f6687c22ca99841e6ed944b724da",
                "sha256:adae183924d6d479202c39072e37d440b511326e84525bcb7432bca85f86caba",
                "sha256:afa97d982dbe6b125631a17e222142e79bee88f7a13fc4cee92d09285e31ec83",
                "sha256:b31c2883de5b19591a2852165e6b3f9821f77af649835f27bc146b26e4aa30cb",
                "sha256:b39045074fb9a3f068496475a5d627ad4fa572fa3b4980e3b479c11d0b706f2d",
                "sha256:b4bbe2f6c1b109c626f9318eee80934ad2a5b81a51409c6b5083c6c5f9bdb125",
                "sha256:bfe39ed3a03e8b1ed764f58f513b37b24afe110d245803a41655d16d391ad9f1",
                "sha256:c35ff4b1117096ef72d101524df0079da36c3735d52fcf1d907ccffa63bd6202",
                "sha256:ce376966260eb5c351fcc6af627a979dbbcae3efeb2e70f85b23aa45a21e289d",
                "sha256:cfea36b58928ce778d17280d4fb3bf0a2d7cff407667baedd69c5b41463ac0fd",
                "sha256:d218c2dd3bda51fb79e622b7b2266183ac9493834b55010aa01273fa5b7a7105",
                "sha256:d9212d76e90b8469743924a4d22bef845be310d0d193d54ae17d9ef1f753cfa7",
                "sha256:e3702d4a9ade54c6403f6615a98bbec2020a76a60f5db7fcf085df1bd270e66e",
                "sha256:e566514f9327f89264e98ac14ee7a84fbd9857328028258422c3e8375ee19d25",
                "sha256:e609a65b31c92f2f7166831f74b56f5ed54b33d8c2c4b4c3974c26fdc50464c5",
                "sha256:e92dd6aad7e8c29d002947376b6f5ce28cae29eb3b6b58a64a46cdbfc5cb7943",
                "sha256:f1d709aa6a26172a3eab804b57763d5cdc1a4b785ac1fc2b09568578e52032ee",
                "sha256:f2c37d5a0391cf3a3a66e63215968ffb78e6b84f659529fa4bd10478f6203071",
                "sha256:f4edcaa471d791393e37f63e3c7c728fa6324e3ac7e768b9dc2ea49065cd37cc",
                "sha256:fec2c2466654ce786843bda2bfba71e0e4719106b41d36b17ceb1901e130aa71"
            ],
            "index": "pypi",
            "version": "==0.6.1"
        },
        "exceptiongroup": {
            "hashes": [
                "sha256:327cbda3da756e2de031a3107b81ab7b3770a602c4d16ca618298c526f4bec1e",
                "sha256:bcb67d800a4497e1b404c2dd44fca47d3b7a5e5433dbab67f96c1a685cdfdf23"
            ],
            "markers": "python_version < '3.11'",
            "version": "==1.1.0"
        },
        "iniconfig": {
            "hashes": [
                "sha256:2d91e135bf72d31a410b17c16da610a82cb55f6b0477d1a902134b24a455b8b3",
                "sha256:b6a85871a79d2e3b22d2d1b94ac2824226a63c6b741c88f7ae975f18b6778374"
            ],
            "markers": "python_version >= '3.7'",
            "version": "==2.0.0"
        },
        "numpy": {
            "hashes": [
                "sha256:0044f7d944ee882400890f9ae955220d29b33d809a038923d88e4e01d652acd9",
                "sha256:0e3463e6ac25313462e04aea3fb8a0a30fb906d5d300f58b3bc2c23da6a15398",
                "sha256:179a7ef0889ab769cc03573b6217f54c8bd8e16cef80aad369e1e8185f994cd7",
                "sha256:2386da9a471cc00a1f47845e27d916d5ec5346ae9696e01a8a34760858fe9dd2",
                "sha256:26089487086f2648944f17adaa1a97ca6aee57f513ba5f1c0b7ebdabbe2b9954",
                "sha256:28bc9750ae1f75264ee0f10561709b1462d450a4808cd97c013046073ae64ab6",
                "sha256:28e418681372520c992805bb723e29d69d6b7aa411065f48216d8329d02ba032",
                "sha256:442feb5e5bada8408e8fcd43f3360b78683ff12a4444670a7d9e9824c1817d36",
                "sha256:6ec0c021cd9fe732e5bab6401adea5a409214ca5592cd92a114f7067febcba0c",
                "sha256:7094891dcf79ccc6bc2a1f30428fa5edb1e6fb955411ffff3401fb4ea93780a8",
                "sha256:84e789a085aabef2f36c0515f45e459f02f570c4b4c4c108ac1179c34d475ed7",
                "sha256:87a118968fba001b248aac90e502c0b13606721b1343cdaddbc6e552e8dfb56f",
                "sha256:8e669fbdcdd1e945691079c2cae335f3e3a56554e06bbd45d7609a6cf568c700",
                "sha256:ad2925567f43643f51255220424c23d204024ed428afc5aad0f86f3ffc080086",
                "sha256:b0677a52f5d896e84414761531947c7a330d1adc07c3a4372262f25d84af7bf7",
                "sha256:b07b40f5fb4fa034120a5796288f24c1fe0e0580bbfff99897ba6267af42def2",
                "sha256:b09804ff570b907da323b3d762e74432fb07955701b17b08ff1b5ebaa8cfe6a9",
                "sha256:b162ac10ca38850510caf8ea33f89edcb7b0bb0dfa5592d59909419986b72407",
                "sha256:b31da69ed0c18be8b77bfce48d234e55d040793cebb25398e2a7d84199fbc7e2",
                "sha256:caf65a396c0d1f9809596be2e444e3bd4190d86d5c1ce21f5fc4be60a3bc5b36",
                "sha256:cfa1161c6ac8f92dea03d625c2d0c05e084668f4a06568b77a25a89111621566",
                "sha256:dae46bed2cb79a58d6496ff6d8da1e3b95ba09afeca2e277628171ca99b99db1",
                "sha256:ddc7ab52b322eb1e40521eb422c4e0a20716c271a306860979d450decbb51b8e",
                "sha256:de92efa737875329b052982e37bd4371d52cabf469f83e7b8be9bb7752d67e51",
                "sha256:e274f0f6c7efd0d577744f52032fdd24344f11c5ae668fe8d01aac0422611df1",
                "sha256:ed5fb71d79e771ec930566fae9c02626b939e37271ec285e9efaf1b5d4370e7d",
                "sha256:ef85cf1f693c88c1fd229ccd1055570cb41cdf4875873b7728b6301f12cd05bf",
                "sha256:f1b739841821968798947d3afcefd386fa56da0caf97722a5de53e07c4ccedc7"
            ],
            "markers": "python_version >= '3.8'",
            "version": "==1.24.1"
        },
        "packaging": {
            "hashes": [
                "sha256:714ac14496c3e68c99c29b00845f7a2b85f3bb6f1078fd9f72fd20f0570002b2",
                "sha256:b6ad297f8907de0fa2fe1ccbd26fdaf387f5f47c7275fedf8cce89f99446cf97"
            ],
            "markers": "python_version >= '3.7'",
            "version": "==23.0"
        },
        "pluggy": {
            "hashes": [
                "sha256:4224373bacce55f955a878bf9cfa763c1e360858e330072059e10bad68531159",
                "sha256:74134bbf457f031a36d68416e1509f34bd5ccc019f0bcc952c7b909d06b37bd3"
            ],
            "markers": "python_version >= '3.6'",
            "version": "==1.0.0"
        },
        "pytest": {
            "hashes": [
                "sha256:892f933d339f068883b6fd5a459f03d85bfcb355e4981e146d2c7616c21fef71",
                "sha256:c4014eb40e10f11f355ad4e3c2fb2c6c6d1919c73f3b5a433de4708202cade59"
            ],
            "markers": "python_version >= '3.7'",
            "version": "==7.2.0"
        },
        "pytest-watch": {
            "hashes": [
                "sha256:06136f03d5b361718b8d0d234042f7b2f203910d8568f63df2f866b547b3d4b9"
            ],
            "index": "pypi",
            "version": "==4.2.0"
        },
        "tomli": {
            "hashes": [
                "sha256:939de3e7a6161af0c887ef91b7d41a53e7c5a1ca976325f429cb46ea9bc30ecc",
                "sha256:de526c12914f0c550d15924c62d72abc48d6fe7364aa87328337a31007fe8a4f"
            ],
            "markers": "python_version < '3.11'",
            "version": "==2.0.1"
        },
        "watchdog": {
            "hashes": [
                "sha256:102a60093090fc3ff76c983367b19849b7cc24ec414a43c0333680106e62aae1",
                "sha256:17f1708f7410af92ddf591e94ae71a27a13974559e72f7e9fde3ec174b26ba2e",
                "sha256:195ab1d9d611a4c1e5311cbf42273bc541e18ea8c32712f2fb703cfc6ff006f9",
                "sha256:4cb5ecc332112017fbdb19ede78d92e29a8165c46b68a0b8ccbd0a154f196d5e",
                "sha256:5100eae58133355d3ca6c1083a33b81355c4f452afa474c2633bd2fbbba398b3",
                "sha256:61fdb8e9c57baf625e27e1420e7ca17f7d2023929cd0065eb79c83da1dfbeacd",
                "sha256:6ccd8d84b9490a82b51b230740468116b8205822ea5fdc700a553d92661253a3",
                "sha256:6e01d699cd260d59b84da6bda019dce0a3353e3fcc774408ae767fe88ee096b7",
                "sha256:748ca797ff59962e83cc8e4b233f87113f3cf247c23e6be58b8a2885c7337aa3",
                "sha256:83a7cead445008e880dbde833cb9e5cc7b9a0958edb697a96b936621975f15b9",
                "sha256:8586d98c494690482c963ffb24c49bf9c8c2fe0589cec4dc2f753b78d1ec301d",
                "sha256:8b5cde14e5c72b2df5d074774bdff69e9b55da77e102a91f36ef26ca35f9819c",
                "sha256:8c28c23972ec9c524967895ccb1954bc6f6d4a557d36e681a36e84368660c4ce",
                "sha256:967636031fa4c4955f0f3f22da3c5c418aa65d50908d31b73b3b3ffd66d60640",
                "sha256:96cbeb494e6cbe3ae6aacc430e678ce4b4dd3ae5125035f72b6eb4e5e9eb4f4e",
                "sha256:978a1aed55de0b807913b7482d09943b23a2d634040b112bdf31811a422f6344",
                "sha256:a09483249d25cbdb4c268e020cb861c51baab2d1affd9a6affc68ffe6a231260",
                "sha256:a480d122740debf0afac4ddd583c6c0bb519c24f817b42ed6f850e2f6f9d64a8",
                "sha256:adaf2ece15f3afa33a6b45f76b333a7da9256e1360003032524d61bdb4c422ae",
                "sha256:bc43c1b24d2f86b6e1cc15f68635a959388219426109233e606517ff7d0a5a73",
                "sha256:c27d8c1535fd4474e40a4b5e01f4ba6720bac58e6751c667895cbc5c8a7af33c",
                "sha256:cdcc23c9528601a8a293eb4369cbd14f6b4f34f07ae8769421252e9c22718b6f",
                "sha256:cece1aa596027ff56369f0b50a9de209920e1df9ac6d02c7f9e5d8162eb4f02b",
                "sha256:d0f29fd9f3f149a5277929de33b4f121a04cf84bb494634707cfa8ea8ae106a8",
                "sha256:d6b87477752bd86ac5392ecb9eeed92b416898c30bd40c7e2dd03c3146105646",
                "sha256:e038be858425c4f621900b8ff1a3a1330d9edcfeaa1c0468aeb7e330fb87693e",
                "sha256:e618a4863726bc7a3c64f95c218437f3349fb9d909eb9ea3a1ed3b567417c661",
                "sha256:f8ac23ff2c2df4471a61af6490f847633024e5aa120567e08d07af5718c9d092"
            ],
            "markers": "python_version >= '3.6'",
            "version": "==2.2.1"
        }
    },
    "develop": {}
}
